Microsoft Visual Studio Solution File, Format Version 12.00
# Visual Studio Version 17
VisualStudioVersion = 17.5.2.0
MinimumVisualStudioVersion = 10.0.40219.1
Project("{FAE04EC0-301F-11D3-BF4B-00C04F79EFBC}") = "CustomValidationAttributeAndExtensionMethod", "CustomValidationAttributeAndExtensionMethod.csproj", "{96527436-1B4C-6DFA-C6C5-3C8B9A85D979}"
EndProject
Global
	GlobalSection(SolutionConfigurationPlatforms) = preSolution
		Debug|Any CPU = Debug|Any CPU
		Release|Any CPU = Release|Any CPU
	EndGlobalSection
	GlobalSection(ProjectConfigurationPlatforms) = postSolution
		{96527436-1B4C-6DFA-C6C5-3C8B9A85D979}.Debug|Any CPU.ActiveCfg = Debug|Any CPU
		{96527436-1B4C-6DFA-C6C5-3C8B9A85D979}.Debug|Any CPU.Build.0 = Debug|Any CPU
		{96527436-1B4C-6DFA-C6C5-3C8B9A85D979}.Release|Any CPU.ActiveCfg = Release|Any CPU
		{96527436-1B4C-6DFA-C6C5-3C8B9A85D979}.Release|Any CPU.Build.0 = Release|Any CPU
	EndGlobalSection
	GlobalSection(SolutionProperties) = preSolution
		HideSolutionNode = FALSE
	EndGlobalSection
	GlobalSection(ExtensibilityGlobals) = postSolution
		SolutionGuid = {438E5BAB-0869-402B-8AD7-01011272B913}
	EndGlobalSection
EndGlobal
